---
description: Pipeline for parsing specific fields related to loginwindow lock events in Jamf Protect
processors:

    ##########################
    ## ECS Event Specific ##
    ##########################
    - set:
        tag: set_event_reason_9aa8f879
        field: event.reason
        value: A user has locked the screen
    - append:
        tag: append_event_type_fffb7a5a
        field: event.type
        value: start
    - append:
        tag: append_event_category_109b4d72
        field: event.category
        value: authentication
    - convert:
        tag: convert_jamf_protect_telemetry_event_lw_session_lock_graphical_session_id_to_jamf_protect_telemetry_graphical_authentication_username_7515cd33
        field: jamf_protect.telemetry.event.lw_session_lock.graphical_session_id
        target_field: jamf_protect.telemetry.graphical_authentication_username
        type: string
        ignore_missing: true
    - rename:
        tag: rename_jamf_protect_telemetry_event_lw_session_lock_username_to_user_name_d2d65a09
        field: jamf_protect.telemetry.event.lw_session_lock.username
        target_field: user.name
        ignore_missing: true
    ##########################
    ## ECS Process ##
    ##########################
    - pipeline:
        tag: pipeline_0d75fa7a
        name: '{{ IngestPipeline "pipeline_object_process" }}'
